// !$*UTF8*$!
{
	archiveVersion = 1;
	classes = {
	};
	objectVersion = 46;
	objects = {

/* Begin PBXBuildFile section */
		2838FE441B88310300275105 /* MasterViewControllerOne.m in Sources */ = {isa = PBXBuildFile; fileRef = 2838FE421B88310300275105 /* MasterViewControllerOne.m */; };
		2838FE451B88310300275105 /* MasterViewControllerOne.xib in Resources */ = {isa = PBXBuildFile; fileRef = 2838FE431B88310300275105 /* MasterViewControllerOne.xib */; };
		2838FE491B88311500275105 /* MasterViewControllerTwo.m in Sources */ = {isa = PBXBuildFile; fileRef = 2838FE471B88311500275105 /* MasterViewControllerTwo.m */; };
		2838FE4A1B88311500275105 /* MasterViewControllerTwo.xib in Resources */ = {isa = PBXBuildFile; fileRef = 2838FE481B88311500275105 /* MasterViewControllerTwo.xib */; };
		2838FE4E1B88312600275105 /* MasterViewControllerThree.m in Sources */ = {isa = PBXBuildFile; fileRef = 2838FE4C1B88312600275105 /* MasterViewControllerThree.m */; };
		2838FE4F1B88312600275105 /* MasterViewControllerThree.xib in Resources */ = {isa = PBXBuildFile; fileRef = 2838FE4D1B88312600275105 /* MasterViewControllerThree.xib */; };
		2838FE531B88313E00275105 /* DetailViewControllerOne.m in Sources */ = {isa = PBXBuildFile; fileRef = 2838FE511B88313E00275105 /* DetailViewControllerOne.m */; };
		2838FE541B88313E00275105 /* DetailViewControllerOne.xib in Resources */ = {isa = PBXBuildFile; fileRef = 2838FE521B88313E00275105 /* DetailViewControllerOne.xib */; };
		2838FE581B88314F00275105 /* DetailViewControllerTwo.m in Sources */ = {isa = PBXBuildFile; fileRef = 2838FE561B88314F00275105 /* DetailViewControllerTwo.m */; };
		2838FE591B88314F00275105 /* DetailViewControllerTwo.xib in Resources */ = {isa = PBXBuildFile; fileRef = 2838FE571B88314F00275105 /* DetailViewControllerTwo.xib */; };
		2838FE5D1B88315E00275105 /* DetailViewControllerTHree.m in Sources */ = {isa = PBXBuildFile; fileRef = 2838FE5B1B88315E00275105 /* DetailViewControllerTHree.m */; };
		2838FE5E1B88315E00275105 /* DetailViewControllerTHree.xib in Resources */ = {isa = PBXBuildFile; fileRef = 2838FE5C1B88315E00275105 /* DetailViewControllerTHree.xib */; };
		2838FEC41B899DD100275105 /* MasterViewController.m in Sources */ = {isa = PBXBuildFile; fileRef = 2838FEC21B899DD100275105 /* MasterViewController.m */; };
		2838FEC51B899DD100275105 /* MasterViewController.xib in Resources */ = {isa = PBXBuildFile; fileRef = 2838FEC31B899DD100275105 /* MasterViewController.xib */; };
		2838FEC91B899E2900275105 /* DetailViewController.m in Sources */ = {isa = PBXBuildFile; fileRef = 2838FEC71B899E2900275105 /* DetailViewController.m */; };
		2838FECA1B899E2900275105 /* DetailViewController.xib in Resources */ = {isa = PBXBuildFile; fileRef = 2838FEC81B899E2900275105 /* DetailViewController.xib */; };
		28BDCD781B84F0490042DF4A /* main.m in Sources */ = {isa = PBXBuildFile; fileRef = 28BDCD771B84F0490042DF4A /* main.m */; };
		28BDCD7B1B84F0490042DF4A /* AppDelegate.m in Sources */ = {isa = PBXBuildFile; fileRef = 28BDCD7A1B84F0490042DF4A /* AppDelegate.m */; };
		28BDCD831B84F0490042DF4A /* Images.xcassets in Resources */ = {isa = PBXBuildFile; fileRef = 28BDCD821B84F0490042DF4A /* Images.xcassets */; };
		28BDCD861B84F0490042DF4A /* LaunchScreen.xib in Resources */ = {isa = PBXBuildFile; fileRef = 28BDCD841B84F0490042DF4A /* LaunchScreen.xib */; };
		28BDCD921B84F0490042DF4A /* NGSplitMenuControllerTests.m in Sources */ = {isa = PBXBuildFile; fileRef = 28BDCD911B84F0490042DF4A /* NGSplitMenuControllerTests.m */; };
		28BDCDC51B8648970042DF4A /* MainViewController.m in Sources */ = {isa = PBXBuildFile; fileRef = 28BDCDC31B8648970042DF4A /* MainViewController.m */; };
		28BDCDC61B8648970042DF4A /* MainViewController.xib in Resources */ = {isa = PBXBuildFile; fileRef = 28BDCDC41B8648970042DF4A /* MainViewController.xib */; };
		28BDCDCC1B8653CC0042DF4A /* menuicon.png in Resources */ = {isa = PBXBuildFile; fileRef = 28BDCDCA1B8653CC0042DF4A /* menuicon.png */; };
		28BDCDCD1B8653CC0042DF4A /* menuicon@2x.png in Resources */ = {isa = PBXBuildFile; fileRef = 28BDCDCB1B8653CC0042DF4A /* menuicon@2x.png */; };
		28BDCDDC1B8659240042DF4A /* MenuTableCell.m in Sources */ = {isa = PBXBuildFile; fileRef = 28BDCDD21B8659240042DF4A /* MenuTableCell.m */; };
		28BDCDDE1B8659240042DF4A /* NGSplitMenuController.m in Sources */ = {isa = PBXBuildFile; fileRef = 28BDCDD61B8659240042DF4A /* NGSplitMenuController.m */; };
		28BDCDDF1B8659240042DF4A /* NGSplitViewManager.m in Sources */ = {isa = PBXBuildFile; fileRef = 28BDCDD91B8659240042DF4A /* NGSplitViewManager.m */; };
		28BDCDE21B86971D0042DF4A /* NGMenuItem.m in Sources */ = {isa = PBXBuildFile; fileRef = 28BDCDE11B86971D0042DF4A /* NGMenuItem.m */; };
		28BDCDF71B86F5010042DF4A /* nav-icons-email2x.png in Resources */ = {isa = PBXBuildFile; fileRef = 28BDCDEF1B86F5010042DF4A /* nav-icons-email2x.png */; };
		28BDCDF81B86F5010042DF4A /* nav-icons-email2x@2x.png in Resources */ = {isa = PBXBuildFile; fileRef = 28BDCDF01B86F5010042DF4A /* nav-icons-email2x@2x.png */; };
		28BDCDF91B86F5010042DF4A /* nav-icons-home2x.png in Resources */ = {isa = PBXBuildFile; fileRef = 28BDCDF11B86F5010042DF4A /* nav-icons-home2x.png */; };
		28BDCDFA1B86F5010042DF4A /* nav-icons-home2x@2x.png in Resources */ = {isa = PBXBuildFile; fileRef = 28BDCDF21B86F5010042DF4A /* nav-icons-home2x@2x.png */; };
		28BDCDFB1B86F5010042DF4A /* nav-icons-rss2x.png in Resources */ = {isa = PBXBuildFile; fileRef = 28BDCDF31B86F5010042DF4A /* nav-icons-rss2x.png */; };
		28BDCDFC1B86F5010042DF4A /* nav-icons-rss2x@2x.png in Resources */ = {isa = PBXBuildFile; fileRef = 28BDCDF41B86F5010042DF4A /* nav-icons-rss2x@2x.png */; };
		28BDCDFD1B86F5010042DF4A /* nav-icons-twitter2x.png in Resources */ = {isa = PBXBuildFile; fileRef = 28BDCDF51B86F5010042DF4A /* nav-icons-twitter2x.png */; };
		28BDCDFE1B86F5010042DF4A /* nav-icons-twitter2x@2x.png in Resources */ = {isa = PBXBuildFile; fileRef = 28BDCDF61B86F5010042DF4A /* nav-icons-twitter2x@2x.png */; };
/* End PBXBuildFile section */

/* Begin PBXContainerItemProxy section */
		28BDCD8C1B84F0490042DF4A /* PBXContainerItemProxy */ = {
			isa = PBXContainerItemProxy;
			containerPortal = 28BDCD6A1B84F0490042DF4A /* Project object */;
			proxyType = 1;
			remoteGlobalIDString = 28BDCD711B84F0490042DF4A;
			remoteInfo = NGSplitMenuController;
		};
/* End PBXContainerItemProxy section */

/* Begin PBXFileReference section */
		2838FE411B88310300275105 /* MasterViewControllerOne.h */ = {isa = PBXFileReference; fileEncoding = 4; lastKnownFileType = sourcecode.c.h; path = MasterViewControllerOne.h; sourceTree = "<group>"; };
		2838FE421B88310300275105 /* MasterViewControllerOne.m */ = {isa = PBXFileReference; fileEncoding = 4; lastKnownFileType = sourcecode.c.objc; path = MasterViewControllerOne.m; sourceTree = "<group>"; };
		2838FE431B88310300275105 /* MasterViewControllerOne.xib */ = {isa = PBXFileReference; fileEncoding = 4; lastKnownFileType = file.xib; path = MasterViewControllerOne.xib; sourceTree = "<group>"; };
		2838FE461B88311500275105 /* MasterViewControllerTwo.h */ = {isa = PBXFileReference; fileEncoding = 4; lastKnownFileType = sourcecode.c.h; path = MasterViewControllerTwo.h; sourceTree = "<group>"; };
		2838FE471B88311500275105 /* MasterViewControllerTwo.m */ = {isa = PBXFileReference; fileEncoding = 4; lastKnownFileType = sourcecode.c.objc; path = MasterViewControllerTwo.m; sourceTree = "<group>"; };
		2838FE481B88311500275105 /* MasterViewControllerTwo.xib */ = {isa = PBXFileReference; fileEncoding = 4; lastKnownFileType = file.xib; path = MasterViewControllerTwo.xib; sourceTree = "<group>"; };
		2838FE4B1B88312600275105 /* MasterViewControllerThree.h */ = {isa = PBXFileReference; fileEncoding = 4; lastKnownFileType = sourcecode.c.h; path = MasterViewControllerThree.h; sourceTree = "<group>"; };
		2838FE4C1B88312600275105 /* MasterViewControllerThree.m */ = {isa = PBXFileReference; fileEncoding = 4; lastKnownFileType = sourcecode.c.objc; path = MasterViewControllerThree.m; sourceTree = "<group>"; };
		2838FE4D1B88312600275105 /* MasterViewControllerThree.xib */ = {isa = PBXFileReference; fileEncoding = 4; lastKnownFileType = file.xib; path = MasterViewControllerThree.xib; sourceTree = "<group>"; };
		2838FE501B88313E00275105 /* DetailViewControllerOne.h */ = {isa = PBXFileReference; fileEncoding = 4; lastKnownFileType = sourcecode.c.h; path = DetailViewControllerOne.h; sourceTree = "<group>"; };
		2838FE511B88313E00275105 /* DetailViewControllerOne.m */ = {isa = PBXFileReference; fileEncoding = 4; lastKnownFileType = sourcecode.c.objc; path = DetailViewControllerOne.m; sourceTree = "<group>"; };
		2838FE521B88313E00275105 /* DetailViewControllerOne.xib */ = {isa = PBXFileReference; fileEncoding = 4; lastKnownFileType = file.xib; path = DetailViewControllerOne.xib; sourceTree = "<group>"; };
		2838FE551B88314F00275105 /* DetailViewControllerTwo.h */ = {isa = PBXFileReference; fileEncoding = 4; lastKnownFileType = sourcecode.c.h; path = DetailViewControllerTwo.h; sourceTree = "<group>"; };
		2838FE561B88314F00275105 /* DetailViewControllerTwo.m */ = {isa = PBXFileReference; fileEncoding = 4; lastKnownFileType = sourcecode.c.objc; path = DetailViewControllerTwo.m; sourceTree = "<group>"; };
		2838FE571B88314F00275105 /* DetailViewControllerTwo.xib */ = {isa = PBXFileReference; fileEncoding = 4; lastKnownFileType = file.xib; path = DetailViewControllerTwo.xib; sourceTree = "<group>"; };
		2838FE5A1B88315E00275105 /* DetailViewControllerTHree.h */ = {isa = PBXFileReference; fileEncoding = 4; lastKnownFileType = sourcecode.c.h; path = DetailViewControllerTHree.h; sourceTree = "<group>"; };
		2838FE5B1B88315E00275105 /* DetailViewControllerTHree.m */ = {isa = PBXFileReference; fileEncoding = 4; lastKnownFileType = sourcecode.c.objc; path = DetailViewControllerTHree.m; sourceTree = "<group>"; };
		2838FE5C1B88315E00275105 /* DetailViewControllerTHree.xib */ = {isa = PBXFileReference; fileEncoding = 4; lastKnownFileType = file.xib; path = DetailViewControllerTHree.xib; sourceTree = "<group>"; };
		2838FEC11B899DD100275105 /* MasterViewController.h */ = {isa = PBXFileReference; fileEncoding = 4; lastKnownFileType = sourcecode.c.h; path = MasterViewController.h; sourceTree = "<group>"; };
		2838FEC21B899DD100275105 /* MasterViewController.m */ = {isa = PBXFileReference; fileEncoding = 4; lastKnownFileType = sourcecode.c.objc; path = MasterViewController.m; sourceTree = "<group>"; };
		2838FEC31B899DD100275105 /* MasterViewController.xib */ = {isa = PBXFileReference; fileEncoding = 4; lastKnownFileType = file.xib; path = MasterViewController.xib; sourceTree = "<group>"; };
		2838FEC61B899E2900275105 /* DetailViewController.h */ = {isa = PBXFileReference; fileEncoding = 4; lastKnownFileType = sourcecode.c.h; path = DetailViewController.h; sourceTree = "<group>"; };
		2838FEC71B899E2900275105 /* DetailViewController.m */ = {isa = PBXFileReference; fileEncoding = 4; lastKnownFileType = sourcecode.c.objc; path = DetailViewController.m; sourceTree = "<group>"; };
		2838FEC81B899E2900275105 /* DetailViewController.xib */ = {isa = PBXFileReference; fileEncoding = 4; lastKnownFileType = file.xib; path = DetailViewController.xib; sourceTree = "<group>"; };
		28BDCD721B84F0490042DF4A /* NGSplitMenuController.app */ = {isa = PBXFileReference; explicitFileType = wrapper.application; includeInIndex = 0; path = NGSplitMenuController.app; sourceTree = BUILT_PRODUCTS_DIR; };
		28BDCD761B84F0490042DF4A /* Info.plist */ = {isa = PBXFileReference; lastKnownFileType = text.plist.xml; path = Info.plist; sourceTree = "<group>"; };
		28BDCD771B84F0490042DF4A /* main.m */ = {isa = PBXFileReference; lastKnownFileType = sourcecode.c.objc; path = main.m; sourceTree = "<group>"; };
		28BDCD791B84F0490042DF4A /* AppDelegate.h */ = {isa = PBXFileReference; lastKnownFileType = sourcecode.c.h; path = AppDelegate.h; sourceTree = "<group>"; };
		28BDCD7A1B84F0490042DF4A /* AppDelegate.m */ = {isa = PBXFileReference; lastKnownFileType = sourcecode.c.objc; path = AppDelegate.m; sourceTree = "<group>"; };
		28BDCD821B84F0490042DF4A /* Images.xcassets */ = {isa = PBXFileReference; lastKnownFileType = folder.assetcatalog; path = Images.xcassets; sourceTree = "<group>"; };
		28BDCD851B84F0490042DF4A /* Base */ = {isa = PBXFileReference; lastKnownFileType = file.xib; name = Base; path = Base.lproj/LaunchScreen.xib; sourceTree = "<group>"; };
		28BDCD8B1B84F0490042DF4A /* NGSplitMenuControllerTests.xctest */ = {isa = PBXFileReference; explicitFileType = wrapper.cfbundle; includeInIndex = 0; path = NGSplitMenuControllerTests.xctest; sourceTree = BUILT_PRODUCTS_DIR; };
		28BDCD901B84F0490042DF4A /* Info.plist */ = {isa = PBXFileReference; lastKnownFileType = text.plist.xml; path = Info.plist; sourceTree = "<group>"; };
		28BDCD911B84F0490042DF4A /* NGSplitMenuControllerTests.m */ = {isa = PBXFileReference; lastKnownFileType = sourcecode.c.objc; path = NGSplitMenuControllerTests.m; sourceTree = "<group>"; };
		28BDCDC21B8648970042DF4A /* MainViewController.h */ = {isa = PBXFileReference; fileEncoding = 4; lastKnownFileType = sourcecode.c.h; path = MainViewController.h; sourceTree = "<group>"; };
		28BDCDC31B8648970042DF4A /* MainViewController.m */ = {isa = PBXFileReference; fileEncoding = 4; lastKnownFileType = sourcecode.c.objc; path = MainViewController.m; sourceTree = "<group>"; };
		28BDCDC41B8648970042DF4A /* MainViewController.xib */ = {isa = PBXFileReference; fileEncoding = 4; lastKnownFileType = file.xib; path = MainViewController.xib; sourceTree = "<group>"; };
		28BDCDCA1B8653CC0042DF4A /* menuicon.png */ = {isa = PBXFileReference; lastKnownFileType = image.png; path = menuicon.png; sourceTree = "<group>"; };
		28BDCDCB1B8653CC0042DF4A /* menuicon@2x.png */ = {isa = PBXFileReference; lastKnownFileType = image.png; path = "menuicon@2x.png"; sourceTree = "<group>"; };
		28BDCDCF1B8657E10042DF4A /* NGSplitMenu.h */ = {isa = PBXFileReference; lastKnownFileType = sourcecode.c.h; path = NGSplitMenu.h; sourceTree = "<group>"; };
		28BDCDD11B8659240042DF4A /* MenuTableCell.h */ = {isa = PBXFileReference; fileEncoding = 4; lastKnownFileType = sourcecode.c.h; path = MenuTableCell.h; sourceTree = "<group>"; };
		28BDCDD21B8659240042DF4A /* MenuTableCell.m */ = {isa = PBXFileReference; fileEncoding = 4; lastKnownFileType = sourcecode.c.objc; path = MenuTableCell.m; sourceTree = "<group>"; };
		28BDCDD51B8659240042DF4A /* NGSplitMenuController.h */ = {isa = PBXFileReference; fileEncoding = 4; lastKnownFileType = sourcecode.c.h; path = NGSplitMenuController.h; sourceTree = "<group>"; };
		28BDCDD61B8659240042DF4A /* NGSplitMenuController.m */ = {isa = PBXFileReference; fileEncoding = 4; lastKnownFileType = sourcecode.c.objc; path = NGSplitMenuController.m; sourceTree = "<group>"; };
		28BDCDD81B8659240042DF4A /* NGSplitViewManager.h */ = {isa = PBXFileReference; fileEncoding = 4; lastKnownFileType = sourcecode.c.h; path = NGSplitViewManager.h; sourceTree = "<group>"; };
		28BDCDD91B8659240042DF4A /* NGSplitViewManager.m */ = {isa = PBXFileReference; fileEncoding = 4; lastKnownFileType = sourcecode.c.objc; path = NGSplitViewManager.m; sourceTree = "<group>"; };
		28BDCDDB1B8659240042DF4A /* NGMenuConstants.h */ = {isa = PBXFileReference; fileEncoding = 4; lastKnownFileType = sourcecode.c.h; path = NGMenuConstants.h; sourceTree = "<group>"; };
		28BDCDE01B86971D0042DF4A /* NGMenuItem.h */ = {isa = PBXFileReference; fileEncoding = 4; lastKnownFileType = sourcecode.c.h; path = NGMenuItem.h; sourceTree = "<group>"; };
		28BDCDE11B86971D0042DF4A /* NGMenuItem.m */ = {isa = PBXFileReference; fileEncoding = 4; lastKnownFileType = sourcecode.c.objc; path = NGMenuItem.m; sourceTree = "<group>"; };
		28BDCDEF1B86F5010042DF4A /* nav-icons-email2x.png */ = {isa = PBXFileReference; lastKnownFileType = image.png; path = "nav-icons-email2x.png"; sourceTree = "<group>"; };
		28BDCDF01B86F5010042DF4A /* nav-icons-email2x@2x.png */ = {isa = PBXFileReference; lastKnownFileType = image.png; path = "nav-icons-email2x@2x.png"; sourceTree = "<group>"; };
		28BDCDF11B86F5010042DF4A /* nav-icons-home2x.png */ = {isa = PBXFileReference; lastKnownFileType = image.png; path = "nav-icons-home2x.png"; sourceTree = "<group>"; };
		28BDCDF21B86F5010042DF4A /* nav-icons-home2x@2x.png */ = {isa = PBXFileReference; lastKnownFileType = image.png; path = "nav-icons-home2x@2x.png"; sourceTree = "<group>"; };
		28BDCDF31B86F5010042DF4A /* nav-icons-rss2x.png */ = {isa = PBXFileReference; lastKnownFileType = image.png; path = "nav-icons-rss2x.png"; sourceTree = "<group>"; };
		28BDCDF41B86F5010042DF4A /* nav-icons-rss2x@2x.png */ = {isa = PBXFileReference; lastKnownFileType = image.png; path = "nav-icons-rss2x@2x.png"; sourceTree = "<group>"; };
		28BDCDF51B86F5010042DF4A /* nav-icons-twitter2x.png */ = {isa = PBXFileReference; lastKnownFileType = image.png; path = "nav-icons-twitter2x.png"; sourceTree = "<group>"; };
		28BDCDF61B86F5010042DF4A /* nav-icons-twitter2x@2x.png */ = {isa = PBXFileReference; lastKnownFileType = image.png; path = "nav-icons-twitter2x@2x.png"; sourceTree = "<group>"; };
/* End PBXFileReference section */

/* Begin PBXFrameworksBuildPhase section */
		28BDCD6F1B84F0490042DF4A /* Frameworks */ = {
			isa = PBXFrameworksBuildPhase;
			buildActionMask = 2147483647;
			files = (
			);
			runOnlyForDeploymentPostprocessing = 0;
		};
		28BDCD881B84F0490042DF4A /* Frameworks */ = {
			isa = PBXFrameworksBuildPhase;
			buildActionMask = 2147483647;
			files = (
			);
			runOnlyForDeploymentPostprocessing = 0;
		};
/* End PBXFrameworksBuildPhase section */

/* Begin PBXGroup section */
		28BDCD691B84F0490042DF4A = {
			isa = PBXGroup;
			children = (
				28BDCD741B84F0490042DF4A /* NGSplitMenuController */,
				28BDCD8E1B84F0490042DF4A /* NGSplitMenuControllerTests */,
				28BDCD731B84F0490042DF4A /* Products */,
			);
			sourceTree = "<group>";
		};
		28BDCD731B84F0490042DF4A /* Products */ = {
			isa = PBXGroup;
			children = (
				28BDCD721B84F0490042DF4A /* NGSplitMenuController.app */,
				28BDCD8B1B84F0490042DF4A /* NGSplitMenuControllerTests.xctest */,
			);
			name = Products;
			sourceTree = "<group>";
		};
		28BDCD741B84F0490042DF4A /* NGSplitMenuController */ = {
			isa = PBXGroup;
			children = (
				28BDCDB51B863A080042DF4A /* Assets */,
				28BDCDA21B84F5BA0042DF4A /* NGSplitMenu */,
				28BDCD791B84F0490042DF4A /* AppDelegate.h */,
				28BDCD7A1B84F0490042DF4A /* AppDelegate.m */,
				28BDCDC21B8648970042DF4A /* MainViewController.h */,
				28BDCDC31B8648970042DF4A /* MainViewController.m */,
				28BDCDC41B8648970042DF4A /* MainViewController.xib */,
				2838FEC11B899DD100275105 /* MasterViewController.h */,
				2838FEC21B899DD100275105 /* MasterViewController.m */,
				2838FEC31B899DD100275105 /* MasterViewController.xib */,
				2838FE411B88310300275105 /* MasterViewControllerOne.h */,
				2838FE421B88310300275105 /* MasterViewControllerOne.m */,
				2838FE431B88310300275105 /* MasterViewControllerOne.xib */,
				2838FE461B88311500275105 /* MasterViewControllerTwo.h */,
				2838FE471B88311500275105 /* MasterViewControllerTwo.m */,
				2838FE481B88311500275105 /* MasterViewControllerTwo.xib */,
				2838FE4B1B88312600275105 /* MasterViewControllerThree.h */,
				2838FE4C1B88312600275105 /* MasterViewControllerThree.m */,
				2838FE4D1B88312600275105 /* MasterViewControllerThree.xib */,
				2838FEC61B899E2900275105 /* DetailViewController.h */,
				2838FEC71B899E2900275105 /* DetailViewController.m */,
				2838FEC81B899E2900275105 /* DetailViewController.xib */,
				2838FE501B88313E00275105 /* DetailViewControllerOne.h */,
				2838FE511B88313E00275105 /* DetailViewControllerOne.m */,
				2838FE521B88313E00275105 /* DetailViewControllerOne.xib */,
				2838FE551B88314F00275105 /* DetailViewControllerTwo.h */,
				2838FE561B88314F00275105 /* DetailViewControllerTwo.m */,
				2838FE571B88314F00275105 /* DetailViewControllerTwo.xib */,
				2838FE5A1B88315E00275105 /* DetailViewControllerTHree.h */,
				2838FE5B1B88315E00275105 /* DetailViewControllerTHree.m */,
				2838FE5C1B88315E00275105 /* DetailViewControllerTHree.xib */,
				28BDCD821B84F0490042DF4A /* Images.xcassets */,
				28BDCD841B84F0490042DF4A /* LaunchScreen.xib */,
				28BDCD751B84F0490042DF4A /* Supporting Files */,
			);
			path = NGSplitMenuController;
			sourceTree = "<group>";
		};
		28BDCD751B84F0490042DF4A /* Supporting Files */ = {
			isa = PBXGroup;
			children = (
				28BDCD761B84F0490042DF4A /* Info.plist */,
				28BDCD771B84F0490042DF4A /* main.m */,
			);
			name = "Supporting Files";
			sourceTree = "<group>";
		};
		28BDCD8E1B84F0490042DF4A /* NGSplitMenuControllerTests */ = {
			isa = PBXGroup;
			children = (
				28BDCD911B84F0490042DF4A /* NGSplitMenuControllerTests.m */,
				28BDCD8F1B84F0490042DF4A /* Supporting Files */,
			);
			path = NGSplitMenuControllerTests;
			sourceTree = "<group>";
		};
		28BDCD8F1B84F0490042DF4A /* Supporting Files */ = {
			isa = PBXGroup;
			children = (
				28BDCD901B84F0490042DF4A /* Info.plist */,
			);
			name = "Supporting Files";
			sourceTree = "<group>";
		};
		28BDCDA21B84F5BA0042DF4A /* NGSplitMenu */ = {
			isa = PBXGroup;
			children = (
				28BDCDCF1B8657E10042DF4A /* NGSplitMenu.h */,
				28BDCDD01B8659240042DF4A /* NGCellViews */,
				28BDCDD41B8659240042DF4A /* NGSplitController */,
				28BDCDD71B8659240042DF4A /* NGSplitManager */,
				28BDCDDA1B8659240042DF4A /* NGUtils */,
			);
			path = NGSplitMenu;
			sourceTree = SOURCE_ROOT;
		};
		28BDCDB51B863A080042DF4A /* Assets */ = {
			isa = PBXGroup;
			children = (
				28BDCDCA1B8653CC0042DF4A /* menuicon.png */,
				28BDCDCB1B8653CC0042DF4A /* menuicon@2x.png */,
				28BDCDEF1B86F5010042DF4A /* nav-icons-email2x.png */,
				28BDCDF01B86F5010042DF4A /* nav-icons-email2x@2x.png */,
				28BDCDF11B86F5010042DF4A /* nav-icons-home2x.png */,
				28BDCDF21B86F5010042DF4A /* nav-icons-home2x@2x.png */,
				28BDCDF31B86F5010042DF4A /* nav-icons-rss2x.png */,
				28BDCDF41B86F5010042DF4A /* nav-icons-rss2x@2x.png */,
				28BDCDF51B86F5010042DF4A /* nav-icons-twitter2x.png */,
				28BDCDF61B86F5010042DF4A /* nav-icons-twitter2x@2x.png */,
			);
			path = Assets;
			sourceTree = SOURCE_ROOT;
		};
		28BDCDD01B8659240042DF4A /* NGCellViews */ = {
			isa = PBXGroup;
			children = (
				28BDCDD11B8659240042DF4A /* MenuTableCell.h */,
				28BDCDD21B8659240042DF4A /* MenuTableCell.m */,
			);
			path = NGCellViews;
			sourceTree = "<group>";
		};
		28BDCDD41B8659240042DF4A /* NGSplitController */ = {
			isa = PBXGroup;
			children = (
				28BDCDD51B8659240042DF4A /* NGSplitMenuController.h */,
				28BDCDD61B8659240042DF4A /* NGSplitMenuController.m */,
			);
			path = NGSplitController;
			sourceTree = "<group>";
		};
		28BDCDD71B8659240042DF4A /* NGSplitManager */ = {
			isa = PBXGroup;
			children = (
				28BDCDD81B8659240042DF4A /* NGSplitViewManager.h */,
				28BDCDD91B8659240042DF4A /* NGSplitViewManager.m */,
			);
			path = NGSplitManager;
			sourceTree = "<group>";
		};
		28BDCDDA1B8659240042DF4A /* NGUtils */ = {
			isa = PBXGroup;
			children = (
				28BDCDDB1B8659240042DF4A /* NGMenuConstants.h */,
				28BDCDE01B86971D0042DF4A /* NGMenuItem.h */,
				28BDCDE11B86971D0042DF4A /* NGMenuItem.m */,
			);
			path = NGUtils;
			sourceTree = "<group>";
		};
/* End PBXGroup section */

/* Begin PBXNativeTarget section */
		28BDCD711B84F0490042DF4A /* NGSplitMenuController */ = {
			isa = PBXNativeTarget;
			buildConfigurationList = 28BDCD951B84F0490042DF4A /* Build configuration list for PBXNativeTarget "NGSplitMenuController" */;
			buildPhases = (
				28BDCD6E1B84F0490042DF4A /* Sources */,
				28BDCD6F1B84F0490042DF4A /* Frameworks */,
				28BDCD701B84F0490042DF4A /* Resources */,
			);
			buildRules = (
			);
			dependencies = (
			);
			name = NGSplitMenuController;
			productName = NGSplitMenuController;
			productReference = 28BDCD721B84F0490042DF4A /* NGSplitMenuController.app */;
			productType = "com.apple.product-type.application";
		};
		28BDCD8A1B84F0490042DF4A /* NGSplitMenuControllerTests */ = {
			isa = PBXNativeTarget;
			buildConfigurationList = 28BDCD981B84F0490042DF4A /* Build configuration list for PBXNativeTarget "NGSplitMenuControllerTests" */;
			buildPhases = (
				28BDCD871B84F0490042DF4A /* Sources */,
				28BDCD881B84F0490042DF4A /* Frameworks */,
				28BDCD891B84F0490042DF4A /* Resources */,
			);
			buildRules = (
			);
			dependencies = (
				28BDCD8D1B84F0490042DF4A /* PBXTargetDependency */,
			);
			name = NGSplitMenuControllerTests;
			productName = NGSplitMenuControllerTests;
			productReference = 28BDCD8B1B84F0490042DF4A /* NGSplitMenuControllerTests.xctest */;
			productType = "com.apple.product-type.bundle.unit-test";
		};
/* End PBXNativeTarget section */

/* Begin PBXProject section */
		28BDCD6A1B84F0490042DF4A /* Project object */ = {
			isa = PBXProject;
			attributes = {
				LastUpgradeCheck = 0640;
				ORGANIZATIONNAME = "Nitin George";
				TargetAttributes = {
					28BDCD711B84F0490042DF4A = {
						CreatedOnToolsVersion = 6.4;
					};
					28BDCD8A1B84F0490042DF4A = {
						CreatedOnToolsVersion = 6.4;
						TestTargetID = 28BDCD711B84F0490042DF4A;
					};
				};
			};
			buildConfigurationList = 28BDCD6D1B84F0490042DF4A /* Build configuration list for PBXProject "NGSplitMenuController" */;
			compatibilityVersion = "Xcode 3.2";
			developmentRegion = English;
			hasScannedForEncodings = 0;
			knownRegions = (
				en,
				Base,
			);
			mainGroup = 28BDCD691B84F0490042DF4A;
			productRefGroup = 28BDCD731B84F0490042DF4A /* Products */;
			projectDirPath = "";
			projectRoot = "";
			targets = (
				28BDCD711B84F0490042DF4A /* NGSplitMenuController */,
				28BDCD8A1B84F0490042DF4A /* NGSplitMenuControllerTests */,
			);
		};
/* End PBXProject section */

/* Begin PBXResourcesBuildPhase section */
		28BDCD701B84F0490042DF4A /* Resources */ = {
			isa = PBXResourcesBuildPhase;
			buildActionMask = 2147483647;
			files = (
				28BDCDFB1B86F5010042DF4A /* nav-icons-rss2x.png in Resources */,
				28BDCD861B84F0490042DF4A /* LaunchScreen.xib in Resources */,
				2838FEC51B899DD100275105 /* MasterViewController.xib in Resources */,
				28BDCD831B84F0490042DF4A /* Images.xcassets in Resources */,
				28BDCDF71B86F5010042DF4A /* nav-icons-email2x.png in Resources */,
				28BDCDC61B8648970042DF4A /* MainViewController.xib in Resources */,
				2838FE5E1B88315E00275105 /* DetailViewControllerTHree.xib in Resources */,
				28BDCDFC1B86F5010042DF4A /* nav-icons-rss2x@2x.png in Resources */,
				2838FE4F1B88312600275105 /* MasterViewControllerThree.xib in Resources */,
				28BDCDFA1B86F5010042DF4A /* nav-icons-home2x@2x.png in Resources */,
				28BDCDCC1B8653CC0042DF4A /* menuicon.png in Resources */,
				2838FE451B88310300275105 /* MasterViewControllerOne.xib in Resources */,
				28BDCDF91B86F5010042DF4A /* nav-icons-home2x.png in Resources */,
				28BDCDCD1B8653CC0042DF4A /* menuicon@2x.png in Resources */,
				2838FE541B88313E00275105 /* DetailViewControllerOne.xib in Resources */,
				28BDCDF81B86F5010042DF4A /* nav-icons-email2x@2x.png in Resources */,
				2838FECA1B899E2900275105 /* DetailViewController.xib in Resources */,
				28BDCDFD1B86F5010042DF4A /* nav-icons-twitter2x.png in Resources */,
				2838FE591B88314F00275105 /* DetailViewControllerTwo.xib in Resources */,
				2838FE4A1B88311500275105 /* MasterViewControllerTwo.xib in Resources */,
				28BDCDFE1B86F5010042DF4A /* nav-icons-twitter2x@2x.png in Resources */,
			);
			runOnlyForDeploymentPostprocessing = 0;
		};
		28BDCD891B84F0490042DF4A /* Resources */ = {
			isa = PBXResourcesBuildPhase;
			buildActionMask = 2147483647;
			files = (
			);
			runOnlyForDeploymentPostprocessing = 0;
		};
/* End PBXResourcesBuildPhase section */

/* Begin PBXSourcesBuildPhase section */
		28BDCD6E1B84F0490042DF4A /* Sources */ = {
			isa = PBXSourcesBuildPhase;
			buildActionMask = 2147483647;
			files = (
				28BDCDE21B86971D0042DF4A /* NGMenuItem.m in Sources */,
				2838FE581B88314F00275105 /* DetailViewControllerTwo.m in Sources */,
				28BDCD7B1B84F0490042DF4A /* AppDelegate.m in Sources */,
				2838FE491B88311500275105 /* MasterViewControllerTwo.m in Sources */,
				28BDCDDE1B8659240042DF4A /* NGSplitMenuController.m in Sources */,
				2838FEC91B899E2900275105 /* DetailViewController.m in Sources */,
				28BDCDC51B8648970042DF4A /* MainViewController.m in Sources */,
				2838FEC41B899DD100275105 /* MasterViewController.m in Sources */,
				28BDCD781B84F0490042DF4A /* main.m in Sources */,
				28BDCDDF1B8659240042DF4A /* NGSplitViewManager.m in Sources */,
				2838FE4E1B88312600275105 /* MasterViewControllerThree.m in Sources */,
				2838FE531B88313E00275105 /* DetailViewControllerOne.m in Sources */,
				28BDCDDC1B8659240042DF4A /* MenuTableCell.m in Sources */,
				2838FE5D1B88315E00275105 /* DetailViewControllerTHree.m in Sources */,
				2838FE441B88310300275105 /* MasterViewControllerOne.m in Sources */,
			);
			runOnlyForDeploymentPostprocessing = 0;
		};
		28BDCD871B84F0490042DF4A /* Sources */ = {
			isa = PBXSourcesBuildPhase;
			buildActionMask = 2147483647;
			files = (
				28BDCD921B84F0490042DF4A /* NGSplitMenuControllerTests.m in Sources */,
			);
			runOnlyForDeploymentPostprocessing = 0;
		};
/* End PBXSourcesBuildPhase section */

/* Begin PBXTargetDependency section */
		28BDCD8D1B84F0490042DF4A /* PBXTargetDependency */ = {
			isa = PBXTargetDependency;
			target = 28BDCD711B84F0490042DF4A /* NGSplitMenuController */;
			targetProxy = 28BDCD8C1B84F0490042DF4A /* PBXContainerItemProxy */;
		};
/* End PBXTargetDependency section */

/* Begin PBXVariantGroup section */
		28BDCD841B84F0490042DF4A /* LaunchScreen.xib */ = {
			isa = PBXVariantGroup;
			children = (
				28BDCD851B84F0490042DF4A /* Base */,
			);
			name = LaunchScreen.xib;
			sourceTree = "<group>";
		};
/* End PBXVariantGroup section */

/* Begin XCBuildConfiguration section */
		28BDCD931B84F0490042DF4A /* Debug */ = {
			isa = XCBuildConfiguration;
			buildSettings = {
				ALWAYS_SEARCH_USER_PATHS = NO;
				CLANG_CXX_LANGUAGE_STANDARD = "gnu++0x";
				CLANG_CXX_LIBRARY = "libc++";
				CLANG_ENABLE_MODULES = YES;
				CLANG_ENABLE_OBJC_ARC = YES;
				CLANG_WARN_BOOL_CONVERSION = YES;
				CLANG_WARN_CONSTANT_CONVERSION = YES;
				CLANG_WARN_DIRECT_OBJC_ISA_USAGE = YES_ERROR;
				CLANG_WARN_EMPTY_BODY = YES;
				CLANG_WARN_ENUM_CONVERSION = YES;
				CLANG_WARN_INT_CONVERSION = YES;
				CLANG_WARN_OBJC_ROOT_CLASS = YES_ERROR;
				CLANG_WARN_UNREACHABLE_CODE = YES;
				CLANG_WARN__DUPLICATE_METHOD_MATCH = YES;
				"CODE_SIGN_IDENTITY[sdk=iphoneos*]" = "iPhone Developer";
				COPY_PHASE_STRIP = NO;
				DEBUG_INFORMATION_FORMAT = "dwarf-with-dsym";
				ENABLE_STRICT_OBJC_MSGSEND = YES;
				GCC_C_LANGUAGE_STANDARD = gnu99;
				GCC_DYNAMIC_NO_PIC = NO;
				GCC_NO_COMMON_BLOCKS = YES;
				GCC_OPTIMIZATION_LEVEL = 0;
				GCC_PREPROCESSOR_DEFINITIONS = (
					"DEBUG=1",
					"$(inherited)",
				);
				GCC_SYMBOLS_PRIVATE_EXTERN = NO;
				GCC_WARN_64_TO_32_BIT_CONVERSION = YES;
				GCC_WARN_ABOUT_RETURN_TYPE = YES_ERROR;
				GCC_WARN_UNDECLARED_SELECTOR = YES;
				GCC_WARN_UNINITIALIZED_AUTOS = YES_AGGRESSIVE;
				GCC_WARN_UNUSED_FUNCTION = YES;
				GCC_WARN_UNUSED_VARIABLE = YES;
				IPHONEOS_DEPLOYMENT_TARGET = 8.4;
				MTL_ENABLE_DEBUG_INFO = YES;
				ONLY_ACTIVE_ARCH = YES;
				SDKROOT = iphoneos;
				TARGETED_DEVICE_FAMILY = 2;
			};
			name = Debug;
		};
		28BDCD941B84F0490042DF4A /* Release */ = {
			isa = XCBuildConfiguration;
			buildSettings = {
				ALWAYS_SEARCH_USER_PATHS = NO;
				CLANG_CXX_LANGUAGE_STANDARD = "gnu++0x";
				CLANG_CXX_LIBRARY = "libc++";
				CLANG_ENABLE_MODULES = YES;
				CLANG_ENABLE_OBJC_ARC = YES;
				CLANG_WARN_BOOL_CONVERSION = YES;
				CLANG_WARN_CONSTANT_CONVERSION = YES;
				CLANG_WARN_DIRECT_OBJC_ISA_USAGE = YES_ERROR;
				CLANG_WARN_EMPTY_BODY = YES;
				CLANG_WARN_ENUM_CONVERSION = YES;
				CLANG_WARN_INT_CONVERSION = YES;
				CLANG_WARN_OBJC_ROOT_CLASS = YES_ERROR;
				CLANG_WARN_UNREACHABLE_CODE = YES;
				CLANG_WARN__DUPLICATE_METHOD_MATCH = YES;
				"CODE_SIGN_IDENTITY[sdk=iphoneos*]" = "iPhone Developer";
				COPY_PHASE_STRIP = NO;
				DEBUG_INFORMATION_FORMAT = "dwarf-with-dsym";
				ENABLE_NS_ASSERTIONS = NO;
				ENABLE_STRICT_OBJC_MSGSEND = YES;
				GCC_C_LANGUAGE_STANDARD = gnu99;
				GCC_NO_COMMON_BLOCKS = YES;
				GCC_WARN_64_TO_32_BIT_CONVERSION = YES;
				GCC_WARN_ABOUT_RETURN_TYPE = YES_ERROR;
				GCC_WARN_UNDECLARED_SELECTOR = YES;
				GCC_WARN_UNINITIALIZED_AUTOS = YES_AGGRESSIVE;
				GCC_WARN_UNUSED_FUNCTION = YES;
				GCC_WARN_UNUSED_VARIABLE = YES;
				IPHONEOS_DEPLOYMENT_TARGET = 8.4;
				MTL_ENABLE_DEBUG_INFO = NO;
				SDKROOT = iphoneos;
				TARGETED_DEVICE_FAMILY = 2;
				VALIDATE_PRODUCT = YES;
			};
			name = Release;
		};
		28BDCD961B84F0490042DF4A /* Debug */ = {
			isa = XCBuildConfiguration;
			buildSettings = {
				ASSETCATALOG_COMPILER_APPICON_NAME = AppIcon;
				INFOPLIST_FILE = NGSplitMenuController/Info.plist;
				IPHONEOS_DEPLOYMENT_TARGET = 7.0;
				LD_RUNPATH_SEARCH_PATHS = "$(inherited) @executable_path/Frameworks";
				PRODUCT_NAME = "$(TARGET_NAME)";
				TARGETED_DEVICE_FAMILY = 2;
			};
			name = Debug;
		};
		28BDCD971B84F0490042DF4A /* Release */ = {
			isa = XCBuildConfiguration;
			buildSettings = {
				ASSETCATALOG_COMPILER_APPICON_NAME = AppIcon;
				INFOPLIST_FILE = NGSplitMenuController/Info.plist;
				IPHONEOS_DEPLOYMENT_TARGET = 7.0;
				LD_RUNPATH_SEARCH_PATHS = "$(inherited) @executable_path/Frameworks";
				PRODUCT_NAME = "$(TARGET_NAME)";
				TARGETED_DEVICE_FAMILY = 2;
			};
			name = Release;
		};
		28BDCD991B84F0490042DF4A /* Debug */ = {
			isa = XCBuildConfiguration;
			buildSettings = {
				BUNDLE_LOADER = "$(TEST_HOST)";
				FRAMEWORK_SEARCH_PATHS = (
					"$(SDKROOT)/Developer/Library/Frameworks",
					"$(inherited)",
				);
				GCC_PREPROCESSOR_DEFINITIONS = (
					"DEBUG=1",
					"$(inherited)",
				);
				INFOPLIST_FILE = NGSplitMenuControllerTests/Info.plist;
				LD_RUNPATH_SEARCH_PATHS = "$(inherited) @executable_path/Frameworks @loader_path/Frameworks";
				PRODUCT_NAME = "$(TARGET_NAME)";
				TEST_HOST = "$(BUILT_PRODUCTS_DIR)/NGSplitMenuController.app/NGSplitMenuController";
			};
			name = Debug;
		};
		28BDCD9A1B84F0490042DF4A /* Release */ = {
			isa = XCBuildConfiguration;
			buildSettings = {
				BUNDLE_LOADER = "$(TEST_HOST)";
				FRAMEWORK_SEARCH_PATHS = (
					"$(SDKROOT)/Developer/Library/Frameworks",
					"$(inherited)",
				);
				INFOPLIST_FILE = NGSplitMenuControllerTests/Info.plist;
				LD_RUNPATH_SEARCH_PATHS = "$(inherited) @executable_path/Frameworks @loader_path/Frameworks";
				PRODUCT_NAME = "$(TARGET_NAME)";
				TEST_HOST = "$(BUILT_PRODUCTS_DIR)/NGSplitMenuController.app/NGSplitMenuController";
			};
			name = Release;
		};
/* End XCBuildConfiguration section */

/* Begin XCConfigurationList section */
		28BDCD6D1B84F0490042DF4A /* Build configuration list for PBXProject "NGSplitMenuController" */ = {
			isa = XCConfigurationList;
			buildConfigurations = (
				28BDCD931B84F0490042DF4A /* Debug */,
				28BDCD941B84F0490042DF4A /* Release */,
			);
			defaultConfigurationIsVisible = 0;
			defaultConfigurationName = Release;
		};
		28BDCD951B84F0490042DF4A /* Build configuration list for PBXNativeTarget "NGSplitMenuController" */ = {
			isa = XCConfigurationList;
			buildConfigurations = (
				28BDCD961B84F0490042DF4A /* Debug */,
				28BDCD971B84F0490042DF4A /* Release */,
			);
			defaultConfigurationIsVisible = 0;
			defaultConfigurationName = Release;
		};
		28BDCD981B84F0490042DF4A /* Build configuration list for PBXNativeTarget "NGSplitMenuControllerTests" */ = {
			isa = XCConfigurationList;
			buildConfigurations = (
				28BDCD991B84F0490042DF4A /* Debug */,
				28BDCD9A1B84F0490042DF4A /* Release */,
			);
			defaultConfigurationIsVisible = 0;
			defaultConfigurationName = Release;
		};
/* End XCConfigurationList section */
	};
	rootObject = 28BDCD6A1B84F0490042DF4A /* Project object */;
}
